[[package]]
category = "main"
description = "Python file and path manipulation"
name = "files"
optional = false
python-versions = "*"
version = "1.1.1"

[metadata]
content-hash = "335f76d05c2be9b13d08d9d2389254b59d37becabd27b1d0a72636cf2277e8db"
python-versions = "^3.8"

[metadata.files]
files = [
    {file = "files-1.1.1.linux-i686.exe", hash = "sha256:a0d19f7ee18a7d59d72a4deedae5d599a71e350be39820fe19c93f9546faabbe"},
    {file = "files-1.1.1.tar.gz", hash = "sha256:5688cf5b410b1ce85ca9ea3a7448e30766b989fe70600a2356f5765a941e3215"},
]
